
Microsoft Visual Studio Solution File, Format Version 12.00
# Visual Studio Version 17
VisualStudioVersion = 17.5.33530.505
MinimumVisualStudioVersion = 10.0.40219.1
Project("{FAE04EC0-301F-11D3-BF4B-00C04F79EFBC}") = "EventEND", "EventEND\EventEND.csproj", "{FFC83E6C-901A-45D5-8433-151D9D356684}"
EndProject
Global
	GlobalSection(SolutionConfigurationPlatforms) = preSolution
		Debug|Any CPU = Debug|Any CPU
		Release|Any CPU = Release|Any CPU
	EndGlobalSection
	GlobalSection(ProjectConfigurationPlatforms) = postSolution
		{FFC83E6C-901A-45D5-8433-151D9D356684}.Debug|Any CPU.ActiveCfg = Debug|Any CPU
		{FFC83E6C-901A-45D5-8433-151D9D356684}.Debug|Any CPU.Build.0 = Debug|Any CPU
		{FFC83E6C-901A-45D5-8433-151D9D356684}.Release|Any CPU.ActiveCfg = Release|Any CPU
		{FFC83E6C-901A-45D5-8433-151D9D356684}.Release|Any CPU.Build.0 = Release|Any CPU
	EndGlobalSection
	GlobalSection(SolutionProperties) = preSolution
		HideSolutionNode = FALSE
	EndGlobalSection
	GlobalSection(ExtensibilityGlobals) = postSolution
		SolutionGuid = {C25D328D-A610-43A7-8912-FB1AD41A9997}
	EndGlobalSection
EndGlobal
